// !$*UTF8*$!
{
	archiveVersion = 1;
	classes = {
	};
	objectVersion = 46;
	objects = {

/* Begin PBXBuildFile section */
		06D05B93196D782B00B36715 /* Foundation.framework in Frameworks */ = {isa = PBXBuildFile; fileRef = 06D05B92196D782B00B36715 /* Foundation.framework */; };
		06D05B95196D782B00B36715 /* CoreGraphics.framework in Frameworks */ = {isa = PBXBuildFile; fileRef = 06D05B94196D782B00B36715 /* CoreGraphics.framework */; };
		06D05B97196D782B00B36715 /* UIKit.framework in Frameworks */ = {isa = PBXBuildFile; fileRef = 06D05B96196D782B00B36715 /* UIKit.framework */; };
		06D05B9D196D782B00B36715 /* InfoPlist.strings in Resources */ = {isa = PBXBuildFile; fileRef = 06D05B9B196D782B00B36715 /* InfoPlist.strings */; };
		06D05B9F196D782B00B36715 /* main.m in Sources */ = {isa = PBXBuildFile; fileRef = 06D05B9E196D782B00B36715 /* main.m */; };
		06D05BA3196D782B00B36715 /* YUEZAppDelegate.m in Sources */ = {isa = PBXBuildFile; fileRef = 06D05BA2196D782B00B36715 /* YUEZAppDelegate.m */; };
		06D05BA6196D782B00B36715 /* Main.storyboard in Resources */ = {isa = PBXBuildFile; fileRef = 06D05BA4196D782B00B36715 /* Main.storyboard */; };
		06D05BA9196D782B00B36715 /* YUEZViewController.m in Sources */ = {isa = PBXBuildFile; fileRef = 06D05BA8196D782B00B36715 /* YUEZViewController.m */; };
		06D05BAB196D782B00B36715 /* Images.xcassets in Resources */ = {isa = PBXBuildFile; fileRef = 06D05BAA196D782B00B36715 /* Images.xcassets */; };
		06D05BB2196D782B00B36715 /* XCTest.framework in Frameworks */ = {isa = PBXBuildFile; fileRef = 06D05BB1196D782B00B36715 /* XCTest.framework */; };
		06D05BB3196D782B00B36715 /* Foundation.framework in Frameworks */ = {isa = PBXBuildFile; fileRef = 06D05B92196D782B00B36715 /* Foundation.framework */; };
		06D05BB4196D782B00B36715 /* UIKit.framework in Frameworks */ = {isa = PBXBuildFile; fileRef = 06D05B96196D782B00B36715 /* UIKit.framework */; };
		06D05BBC196D782B00B36715 /* InfoPlist.strings in Resources */ = {isa = PBXBuildFile; fileRef = 06D05BBA196D782B00B36715 /* InfoPlist.strings */; };
		06D05BBE196D782B00B36715 /* YuezDoTests.m in Sources */ = {isa = PBXBuildFile; fileRef = 06D05BBD196D782B00B36715 /* YuezDoTests.m */; };
		06D05BC9196D7C3600B36715 /* YUEZAddToDoItemViewController.m in Sources */ = {isa = PBXBuildFile; fileRef = 06D05BC8196D7C3600B36715 /* YUEZAddToDoItemViewController.m */; };
		06D05BCC196D7C5200B36715 /* YUEZToDoListTableViewController.m in Sources */ = {isa = PBXBuildFile; fileRef = 06D05BCB196D7C5200B36715 /* YUEZToDoListTableViewController.m */; };
/* End PBXBuildFile section */

/* Begin PBXContainerItemProxy section */
		06D05BB5196D782B00B36715 /* PBXContainerItemProxy */ = {
			isa = PBXContainerItemProxy;
			containerPortal = 06D05B87196D782B00B36715 /* Project object */;
			proxyType = 1;
			remoteGlobalIDString = 06D05B8E196D782B00B36715;
			remoteInfo = YuezDo;
		};
/* End PBXContainerItemProxy section */

/* Begin PBXFileReference section */
		06D05B8F196D782B00B36715 /* YuezDo.app */ = {isa = PBXFileReference; explicitFileType = wrapper.application; includeInIndex = 0; path = YuezDo.app; sourceTree = BUILT_PRODUCTS_DIR; };
		06D05B92196D782B00B36715 /* Foundation.framework */ = {isa = PBXFileReference; lastKnownFileType = wrapper.framework; name = Foundation.framework; path = System/Library/Frameworks/Foundation.framework; sourceTree = SDKROOT; };
		06D05B94196D782B00B36715 /* CoreGraphics.framework */ = {isa = PBXFileReference; lastKnownFileType = wrapper.framework; name = CoreGraphics.framework; path = System/Library/Frameworks/CoreGraphics.framework; sourceTree = SDKROOT; };
		06D05B96196D782B00B36715 /* UIKit.framework */ = {isa = PBXFileReference; lastKnownFileType = wrapper.framework; name = UIKit.framework; path = System/Library/Frameworks/UIKit.framework; sourceTree = SDKROOT; };
		06D05B9A196D782B00B36715 /* YuezDo-Info.plist */ = {isa = PBXFileReference; lastKnownFileType = text.plist.xml; path = "YuezDo-Info.plist"; sourceTree = "<group>"; };
		06D05B9C196D782B00B36715 /* en */ = {isa = PBXFileReference; lastKnownFileType = text.plist.strings; name = en; path = en.lproj/InfoPlist.strings; sourceTree = "<group>"; };
		06D05B9E196D782B00B36715 /* main.m */ = {isa = PBXFileReference; lastKnownFileType = sourcecode.c.objc; path = main.m; sourceTree = "<group>"; };
		06D05BA0196D782B00B36715 /* YuezDo-Prefix.pch */ = {isa = PBXFileReference; lastKnownFileType = sourcecode.c.h; path = "YuezDo-Prefix.pch"; sourceTree = "<group>"; };
		06D05BA1196D782B00B36715 /* YUEZAppDelegate.h */ = {isa = PBXFileReference; lastKnownFileType = sourcecode.c.h; path = YUEZAppDelegate.h; sourceTree = "<group>"; };
		06D05BA2196D782B00B36715 /* YUEZAppDelegate.m */ = {isa = PBXFileReference; lastKnownFileType = sourcecode.c.objc; path = YUEZAppDelegate.m; sourceTree = "<group>"; };
		06D05BA5196D782B00B36715 /* Base */ = {isa = PBXFileReference; lastKnownFileType = file.storyboard; name = Base; path = Base.lproj/Main.storyboard; sourceTree = "<group>"; };
		06D05BA7196D782B00B36715 /* YUEZViewController.h */ = {isa = PBXFileReference; lastKnownFileType = sourcecode.c.h; path = YUEZViewController.h; sourceTree = "<group>"; };
		06D05BA8196D782B00B36715 /* YUEZViewController.m */ = {isa = PBXFileReference; lastKnownFileType = sourcecode.c.objc; path = YUEZViewController.m; sourceTree = "<group>"; };
		06D05BAA196D782B00B36715 /* Images.xcassets */ = {isa = PBXFileReference; lastKnownFileType = folder.assetcatalog; path = Images.xcassets; sourceTree = "<group>"; };
		06D05BB0196D782B00B36715 /* YuezDoTests.xctest */ = {isa = PBXFileReference; explicitFileType = wrapper.cfbundle; includeInIndex = 0; path = YuezDoTests.xctest; sourceTree = BUILT_PRODUCTS_DIR; };
		06D05BB1196D782B00B36715 /* XCTest.framework */ = {isa = PBXFileReference; lastKnownFileType = wrapper.framework; name = XCTest.framework; path = Library/Frameworks/XCTest.framework; sourceTree = DEVELOPER_DIR; };
		06D05BB9196D782B00B36715 /* YuezDoTests-Info.plist */ = {isa = PBXFileReference; lastKnownFileType = text.plist.xml; path = "YuezDoTests-Info.plist"; sourceTree = "<group>"; };
		06D05BBB196D782B00B36715 /* en */ = {isa = PBXFileReference; lastKnownFileType = text.plist.strings; name = en; path = en.lproj/InfoPlist.strings; sourceTree = "<group>"; };
		06D05BBD196D782B00B36715 /* YuezDoTests.m */ = {isa = PBXFileReference; lastKnownFileType = sourcecode.c.objc; path = YuezDoTests.m; sourceTree = "<group>"; };
		06D05BC7196D7C3600B36715 /* YUEZAddToDoItemViewController.h */ = {isa = PBXFileReference; fileEncoding = 4; lastKnownFileType = sourcecode.c.h; path = YUEZAddToDoItemViewController.h; sourceTree = "<group>"; };
		06D05BC8196D7C3600B36715 /* YUEZAddToDoItemViewController.m */ = {isa = PBXFileReference; fileEncoding = 4; lastKnownFileType = sourcecode.c.objc; path = YUEZAddToDoItemViewController.m; sourceTree = "<group>"; };
		06D05BCA196D7C5200B36715 /* YUEZToDoListTableViewController.h */ = {isa = PBXFileReference; fileEncoding = 4; lastKnownFileType = sourcecode.c.h; path = YUEZToDoListTableViewController.h; sourceTree = "<group>"; };
		06D05BCB196D7C5200B36715 /* YUEZToDoListTableViewController.m */ = {isa = PBXFileReference; fileEncoding = 4; lastKnownFileType = sourcecode.c.objc; path = YUEZToDoListTableViewController.m; sourceTree = "<group>"; };
/* End PBXFileReference section */

/* Begin PBXFrameworksBuildPhase section */
		06D05B8C196D782B00B36715 /* Frameworks */ = {
			isa = PBXFrameworksBuildPhase;
			buildActionMask = 2147483647;
			files = (
				06D05B95196D782B00B36715 /* CoreGraphics.framework in Frameworks */,
				06D05B97196D782B00B36715 /* UIKit.framework in Frameworks */,
				06D05B93196D782B00B36715 /* Foundation.framework in Frameworks */,
			);
			runOnlyForDeploymentPostprocessing = 0;
		};
		06D05BAD196D782B00B36715 /* Frameworks */ = {
			isa = PBXFrameworksBuildPhase;
			buildActionMask = 2147483647;
			files = (
				06D05BB2196D782B00B36715 /* XCTest.framework in Frameworks */,
				06D05BB4196D782B00B36715 /* UIKit.framework in Frameworks */,
				06D05BB3196D782B00B36715 /* Foundation.framework in Frameworks */,
			);
			runOnlyForDeploymentPostprocessing = 0;
		};
/* End PBXFrameworksBuildPhase section */

/* Begin PBXGroup section */
		06D05B86196D782B00B36715 = {
			isa = PBXGroup;
			children = (
				06D05B98196D782B00B36715 /* YuezDo */,
				06D05BB7196D782B00B36715 /* YuezDoTests */,
				06D05B91196D782B00B36715 /* Frameworks */,
				06D05B90196D782B00B36715 /* Products */,
			);
			sourceTree = "<group>";
		};
		06D05B90196D782B00B36715 /* Products */ = {
			isa = PBXGroup;
			children = (
				06D05B8F196D782B00B36715 /* YuezDo.app */,
				06D05BB0196D782B00B36715 /* YuezDoTests.xctest */,
			);
			name = Products;
			sourceTree = "<group>";
		};
		06D05B91196D782B00B36715 /* Frameworks */ = {
			isa = PBXGroup;
			children = (
				06D05B92196D782B00B36715 /* Foundation.framework */,
				06D05B94196D782B00B36715 /* CoreGraphics.framework */,
				06D05B96196D782B00B36715 /* UIKit.framework */,
				06D05BB1196D782B00B36715 /* XCTest.framework */,
			);
			name = Frameworks;
			sourceTree = "<group>";
		};
		06D05B98196D782B00B36715 /* YuezDo */ = {
			isa = PBXGroup;
			children = (
				06D05BA1196D782B00B36715 /* YUEZAppDelegate.h */,
				06D05BA2196D782B00B36715 /* YUEZAppDelegate.m */,
				06D05BA4196D782B00B36715 /* Main.storyboard */,
				06D05BCA196D7C5200B36715 /* YUEZToDoListTableViewController.h */,
				06D05BCB196D7C5200B36715 /* YUEZToDoListTableViewController.m */,
				06D05BC7196D7C3600B36715 /* YUEZAddToDoItemViewController.h */,
				06D05BC8196D7C3600B36715 /* YUEZAddToDoItemViewController.m */,
				06D05BA7196D782B00B36715 /* YUEZViewController.h */,
				06D05BA8196D782B00B36715 /* YUEZViewController.m */,
				06D05BAA196D782B00B36715 /* Images.xcassets */,
				06D05B99196D782B00B36715 /* Supporting Files */,
			);
			path = YuezDo;
			sourceTree = "<group>";
		};
		06D05B99196D782B00B36715 /* Supporting Files */ = {
			isa = PBXGroup;
			children = (
				06D05B9A196D782B00B36715 /* YuezDo-Info.plist */,
				06D05B9B196D782B00B36715 /* InfoPlist.strings */,
				06D05B9E196D782B00B36715 /* main.m */,
				06D05BA0196D782B00B36715 /* YuezDo-Prefix.pch */,
			);
			name = "Supporting Files";
			sourceTree = "<group>";
		};
		06D05BB7196D782B00B36715 /* YuezDoTests */ = {
			isa = PBXGroup;
			children = (
				06D05BBD196D782B00B36715 /* YuezDoTests.m */,
				06D05BB8196D782B00B36715 /* Supporting Files */,
			);
			path = YuezDoTests;
			sourceTree = "<group>";
		};
		06D05BB8196D782B00B36715 /* Supporting Files */ = {
			isa = PBXGroup;
			children = (
				06D05BB9196D782B00B36715 /* YuezDoTests-Info.plist */,
				06D05BBA196D782B00B36715 /* InfoPlist.strings */,
			);
			name = "Supporting Files";
			sourceTree = "<group>";
		};
/* End PBXGroup section */

/* Begin PBXNativeTarget section */
		06D05B8E196D782B00B36715 /* YuezDo */ = {
			isa = PBXNativeTarget;
			buildConfigurationList = 06D05BC1196D782B00B36715 /* Build configuration list for PBXNativeTarget "YuezDo" */;
			buildPhases = (
				06D05B8B196D782B00B36715 /* Sources */,
				06D05B8C196D782B00B36715 /* Frameworks */,
				06D05B8D196D782B00B36715 /* Resources */,
			);
			buildRules = (
			);
			dependencies = (
			);
			name = YuezDo;
			productName = YuezDo;
			productReference = 06D05B8F196D782B00B36715 /* YuezDo.app */;
			productType = "com.apple.product-type.application";
		};
		06D05BAF196D782B00B36715 /* YuezDoTests */ = {
			isa = PBXNativeTarget;
			buildConfigurationList = 06D05BC4196D782B00B36715 /* Build configuration list for PBXNativeTarget "YuezDoTests" */;
			buildPhases = (
				06D05BAC196D782B00B36715 /* Sources */,
				06D05BAD196D782B00B36715 /* Frameworks */,
				06D05BAE196D782B00B36715 /* Resources */,
			);
			buildRules = (
			);
			dependencies = (
				06D05BB6196D782B00B36715 /* PBXTargetDependency */,
			);
			name = YuezDoTests;
			productName = YuezDoTests;
			productReference = 06D05BB0196D782B00B36715 /* YuezDoTests.xctest */;
			productType = "com.apple.product-type.bundle.unit-test";
		};
/* End PBXNativeTarget section */

/* Begin PBXProject section */
		06D05B87196D782B00B36715 /* Project object */ = {
			isa = PBXProject;
			attributes = {
				CLASSPREFIX = YUEZ;
				LastUpgradeCheck = 0510;
				ORGANIZATIONNAME = XGTEAM;
				TargetAttributes = {
					06D05BAF196D782B00B36715 = {
						TestTargetID = 06D05B8E196D782B00B36715;
					};
				};
			};
			buildConfigurationList = 06D05B8A196D782B00B36715 /* Build configuration list for PBXProject "YuezDo" */;
			compatibilityVersion = "Xcode 3.2";
			developmentRegion = English;
			hasScannedForEncodings = 0;
			knownRegions = (
				en,
				Base,
			);
			mainGroup = 06D05B86196D782B00B36715;
			productRefGroup = 06D05B90196D782B00B36715 /* Products */;
			projectDirPath = "";
			projectRoot = "";
			targets = (
				06D05B8E196D782B00B36715 /* YuezDo */,
				06D05BAF196D782B00B36715 /* YuezDoTests */,
			);
		};
/* End PBXProject section */

/* Begin PBXResourcesBuildPhase section */
		06D05B8D196D782B00B36715 /* Resources */ = {
			isa = PBXResourcesBuildPhase;
			buildActionMask = 2147483647;
			files = (
				06D05BAB196D782B00B36715 /* Images.xcassets in Resources */,
				06D05B9D196D782B00B36715 /* InfoPlist.strings in Resources */,
				06D05BA6196D782B00B36715 /* Main.storyboard in Resources */,
			);
			runOnlyForDeploymentPostprocessing = 0;
		};
		06D05BAE196D782B00B36715 /* Resources */ = {
			isa = PBXResourcesBuildPhase;
			buildActionMask = 2147483647;
			files = (
				06D05BBC196D782B00B36715 /* InfoPlist.strings in Resources */,
			);
			runOnlyForDeploymentPostprocessing = 0;
		};
/* End PBXResourcesBuildPhase section */

/* Begin PBXSourcesBuildPhase section */
		06D05B8B196D782B00B36715 /* Sources */ = {
			isa = PBXSourcesBuildPhase;
			buildActionMask = 2147483647;
			files = (
				06D05BC9196D7C3600B36715 /* YUEZAddToDoItemViewController.m in Sources */,
				06D05BA9196D782B00B36715 /* YUEZViewController.m in Sources */,
				06D05BCC196D7C5200B36715 /* YUEZToDoListTableViewController.m in Sources */,
				06D05B9F196D782B00B36715 /* main.m in Sources */,
				06D05BA3196D782B00B36715 /* YUEZAppDelegate.m in Sources */,
			);
			runOnlyForDeploymentPostprocessing = 0;
		};
		06D05BAC196D782B00B36715 /* Sources */ = {
			isa = PBXSourcesBuildPhase;
			buildActionMask = 2147483647;
			files = (
				06D05BBE196D782B00B36715 /* YuezDoTests.m in Sources */,
			);
			runOnlyForDeploymentPostprocessing = 0;
		};
/* End PBXSourcesBuildPhase section */

/* Begin PBXTargetDependency section */
		06D05BB6196D782B00B36715 /* PBXTargetDependency */ = {
			isa = PBXTargetDependency;
			target = 06D05B8E196D782B00B36715 /* YuezDo */;
			targetProxy = 06D05BB5196D782B00B36715 /* PBXContainerItemProxy */;
		};
/* End PBXTargetDependency section */

/* Begin PBXVariantGroup section */
		06D05B9B196D782B00B36715 /* InfoPlist.strings */ = {
			isa = PBXVariantGroup;
			children = (
				06D05B9C196D782B00B36715 /* en */,
			);
			name = InfoPlist.strings;
			sourceTree = "<group>";
		};
		06D05BA4196D782B00B36715 /* Main.storyboard */ = {
			isa = PBXVariantGroup;
			children = (
				06D05BA5196D782B00B36715 /* Base */,
			);
			name = Main.storyboard;
			sourceTree = "<group>";
		};
		06D05BBA196D782B00B36715 /* InfoPlist.strings */ = {
			isa = PBXVariantGroup;
			children = (
				06D05BBB196D782B00B36715 /* en */,
			);
			name = InfoPlist.strings;
			sourceTree = "<group>";
		};
/* End PBXVariantGroup section */

/* Begin XCBuildConfiguration section */
		06D05BBF196D782B00B36715 /* Debug */ = {
			isa = XCBuildConfiguration;
			buildSettings = {
				ALWAYS_SEARCH_USER_PATHS = NO;
				CLANG_CXX_LANGUAGE_STANDARD = "gnu++0x";
				CLANG_CXX_LIBRARY = "libc++";
				CLANG_ENABLE_MODULES = YES;
				CLANG_ENABLE_OBJC_ARC = YES;
				CLANG_WARN_BOOL_CONVERSION = YES;
				CLANG_WARN_CONSTANT_CONVERSION = YES;
				CLANG_WARN_DIRECT_OBJC_ISA_USAGE = YES_ERROR;
				CLANG_WARN_EMPTY_BODY = YES;
				CLANG_WARN_ENUM_CONVERSION = YES;
				CLANG_WARN_INT_CONVERSION = YES;
				CLANG_WARN_OBJC_ROOT_CLASS = YES_ERROR;
				CLANG_WARN__DUPLICATE_METHOD_MATCH = YES;
				"CODE_SIGN_IDENTITY[sdk=iphoneos*]" = "iPhone Developer";
				COPY_PHASE_STRIP = NO;
				GCC_C_LANGUAGE_STANDARD = gnu99;
				GCC_DYNAMIC_NO_PIC = NO;
				GCC_OPTIMIZATION_LEVEL = 0;
				GCC_PREPROCESSOR_DEFINITIONS = (
					"DEBUG=1",
					"$(inherited)",
				);
				GCC_SYMBOLS_PRIVATE_EXTERN = NO;
				GCC_WARN_64_TO_32_BIT_CONVERSION = YES;
				GCC_WARN_ABOUT_RETURN_TYPE = YES_ERROR;
				GCC_WARN_UNDECLARED_SELECTOR = YES;
				GCC_WARN_UNINITIALIZED_AUTOS = YES_AGGRESSIVE;
				GCC_WARN_UNUSED_FUNCTION = YES;
				GCC_WARN_UNUSED_VARIABLE = YES;
				IPHONEOS_DEPLOYMENT_TARGET = 7.1;
				ONLY_ACTIVE_ARCH = YES;
				SDKROOT = iphoneos;
			};
			name = Debug;
		};
		06D05BC0196D782B00B36715 /* Release */ = {
			isa = XCBuildConfiguration;
			buildSettings = {
				ALWAYS_SEARCH_USER_PATHS = NO;
				CLANG_CXX_LANGUAGE_STANDARD = "gnu++0x";
				CLANG_CXX_LIBRARY = "libc++";
				CLANG_ENABLE_MODULES = YES;
				CLANG_ENABLE_OBJC_ARC = YES;
				CLANG_WARN_BOOL_CONVERSION = YES;
				CLANG_WARN_CONSTANT_CONVERSION = YES;
				CLANG_WARN_DIRECT_OBJC_ISA_USAGE = YES_ERROR;
				CLANG_WARN_EMPTY_BODY = YES;
				CLANG_WARN_ENUM_CONVERSION = YES;
				CLANG_WARN_INT_CONVERSION = YES;
				CLANG_WARN_OBJC_ROOT_CLASS = YES_ERROR;
				CLANG_WARN__DUPLICATE_METHOD_MATCH = YES;
				"CODE_SIGN_IDENTITY[sdk=iphoneos*]" = "iPhone Developer";
				COPY_PHASE_STRIP = YES;
				ENABLE_NS_ASSERTIONS = NO;
				GCC_C_LANGUAGE_STANDARD = gnu99;
				GCC_WARN_64_TO_32_BIT_CONVERSION = YES;
				GCC_WARN_ABOUT_RETURN_TYPE = YES_ERROR;
				GCC_WARN_UNDECLARED_SELECTOR = YES;
				GCC_WARN_UNINITIALIZED_AUTOS = YES_AGGRESSIVE;
				GCC_WARN_UNUSED_FUNCTION = YES;
				GCC_WARN_UNUSED_VARIABLE = YES;
				IPHONEOS_DEPLOYMENT_TARGET = 7.1;
				SDKROOT = iphoneos;
				VALIDATE_PRODUCT = YES;
			};
			name = Release;
		};
		06D05BC2196D782B00B36715 /* Debug */ = {
			isa = XCBuildConfiguration;
			buildSettings = {
				ASSETCATALOG_COMPILER_APPICON_NAME = AppIcon;
				ASSETCATALOG_COMPILER_LAUNCHIMAGE_NAME = LaunchImage;
				GCC_PRECOMPILE_PREFIX_HEADER = YES;
				GCC_PREFIX_HEADER = "YuezDo/YuezDo-Prefix.pch";
				INFOPLIST_FILE = "YuezDo/YuezDo-Info.plist";
				PRODUCT_NAME = "$(TARGET_NAME)";
				WRAPPER_EXTENSION = app;
			};
			name = Debug;
		};
		06D05BC3196D782B00B36715 /* Release */ = {
			isa = XCBuildConfiguration;
			buildSettings = {
				ASSETCATALOG_COMPILER_APPICON_NAME = AppIcon;
				ASSETCATALOG_COMPILER_LAUNCHIMAGE_NAME = LaunchImage;
				GCC_PRECOMPILE_PREFIX_HEADER = YES;
				GCC_PREFIX_HEADER = "YuezDo/YuezDo-Prefix.pch";
				INFOPLIST_FILE = "YuezDo/YuezDo-Info.plist";
				PRODUCT_NAME = "$(TARGET_NAME)";
				WRAPPER_EXTENSION = app;
			};
			name = Release;
		};
		06D05BC5196D782B00B36715 /* Debug */ = {
			isa = XCBuildConfiguration;
			buildSettings = {
				BUNDLE_LOADER = "$(BUILT_PRODUCTS_DIR)/YuezDo.app/YuezDo";
				FRAMEWORK_SEARCH_PATHS = (
					"$(SDKROOT)/Developer/Library/Frameworks",
					"$(inherited)",
					"$(DEVELOPER_FRAMEWORKS_DIR)",
				);
				GCC_PRECOMPILE_PREFIX_HEADER = YES;
				GCC_PREFIX_HEADER = "YuezDo/YuezDo-Prefix.pch";
				GCC_PREPROCESSOR_DEFINITIONS = (
					"DEBUG=1",
					"$(inherited)",
				);
				INFOPLIST_FILE = "YuezDoTests/YuezDoTests-Info.plist";
				PRODUCT_NAME = "$(TARGET_NAME)";
				TEST_HOST = "$(BUNDLE_LOADER)";
				WRAPPER_EXTENSION = xctest;
			};
			name = Debug;
		};
		06D05BC6196D782B00B36715 /* Release */ = {
			isa = XCBuildConfiguration;
			buildSettings = {
				BUNDLE_LOADER = "$(BUILT_PRODUCTS_DIR)/YuezDo.app/YuezDo";
				FRAMEWORK_SEARCH_PATHS = (
					"$(SDKROOT)/Developer/Library/Frameworks",
					"$(inherited)",
					"$(DEVELOPER_FRAMEWORKS_DIR)",
				);
				GCC_PRECOMPILE_PREFIX_HEADER = YES;
				GCC_PREFIX_HEADER = "YuezDo/YuezDo-Prefix.pch";
				INFOPLIST_FILE = "YuezDoTests/YuezDoTests-Info.plist";
				PRODUCT_NAME = "$(TARGET_NAME)";
				TEST_HOST = "$(BUNDLE_LOADER)";
				WRAPPER_EXTENSION = xctest;
			};
			name = Release;
		};
/* End XCBuildConfiguration section */

/* Begin XCConfigurationList section */
		06D05B8A196D782B00B36715 /* Build configuration list for PBXProject "YuezDo" */ = {
			isa = XCConfigurationList;
			buildConfigurations = (
				06D05BBF196D782B00B36715 /* Debug */,
				06D05BC0196D782B00B36715 /* Release */,
			);
			defaultConfigurationIsVisible = 0;
			defaultConfigurationName = Release;
		};
		06D05BC1196D782B00B36715 /* Build configuration list for PBXNativeTarget "YuezDo" */ = {
			isa = XCConfigurationList;
			buildConfigurations = (
				06D05BC2196D782B00B36715 /* Debug */,
				06D05BC3196D782B00B36715 /* Release */,
			);
			defaultConfigurationIsVisible = 0;
		};
		06D05BC4196D782B00B36715 /* Build configuration list for PBXNativeTarget "YuezDoTests" */ = {
			isa = XCConfigurationList;
			buildConfigurations = (
				06D05BC5196D782B00B36715 /* Debug */,
				06D05BC6196D782B00B36715 /* Release */,
			);
			defaultConfigurationIsVisible = 0;
		};
/* End XCConfigurationList section */
	};
	rootObject = 06D05B87196D782B00B36715 /* Project object */;
}
